
Microsoft Visual Studio Solution File, Format Version 12.00
# Visual Studio Version 16
VisualStudioVersion = 16.0.30309.148
MinimumVisualStudioVersion = 10.0.40219.1
Project("{FAE04EC0-301F-11D3-BF4B-00C04F79EFBC}") = "IpTools_2", "IpTools_2.csproj", "{F233CD05-6F7D-4E80-A3B3-267A1E18545D}"
EndProject
Global
	GlobalSection(SolutionConfigurationPlatforms) = preSolution
		Debug|Any CPU = Debug|Any CPU
		Debug|x86 = Debug|x86
		Release|Any CPU = Release|Any CPU
		Release|x86 = Release|x86
	EndGlobalSection
	GlobalSection(ProjectConfigurationPlatforms) = postSolution
		{F233CD05-6F7D-4E80-A3B3-267A1E18545D}.Debug|Any CPU.ActiveCfg = Debug|Any CPU
		{F233CD05-6F7D-4E80-A3B3-267A1E18545D}.Debug|Any CPU.Build.0 = Debug|Any CPU
		{F233CD05-6F7D-4E80-A3B3-267A1E18545D}.Debug|x86.ActiveCfg = Debug|Any CPU
		{F233CD05-6F7D-4E80-A3B3-267A1E18545D}.Debug|x86.Build.0 = Debug|Any CPU
		{F233CD05-6F7D-4E80-A3B3-267A1E18545D}.Release|Any CPU.ActiveCfg = Release|Any CPU
		{F233CD05-6F7D-4E80-A3B3-267A1E18545D}.Release|Any CPU.Build.0 = Release|Any CPU
		{F233CD05-6F7D-4E80-A3B3-267A1E18545D}.Release|x86.ActiveCfg = Release|x86
		{F233CD05-6F7D-4E80-A3B3-267A1E18545D}.Release|x86.Build.0 = Release|x86
	EndGlobalSection
	GlobalSection(SolutionProperties) = preSolution
		HideSolutionNode = FALSE
	EndGlobalSection
	GlobalSection(ExtensibilityGlobals) = postSolution
		SolutionGuid = {FBD73620-41CC-48D1-B8DC-3D36E8DD3497}
	EndGlobalSection
EndGlobal
